// !$*UTF8*$!
{
	archiveVersion = 1;
	classes = {
	};
	objectVersion = 50;
	objects = {

/* Begin PBXBuildFile section */
		C1F2C7CB212C423B009B3550 /* AppDelegate.swift in Sources */ = {isa = PBXBuildFile; fileRef = C1F2C7CA212C423B009B3550 /* AppDelegate.swift */; };
		C1F2C7CD212C423B009B3550 /* PuzzleViewController.swift in Sources */ = {isa = PBXBuildFile; fileRef = C1F2C7CC212C423B009B3550 /* PuzzleViewController.swift */; };
		C1F2C7D2212C423C009B3550 /* Assets.xcassets in Resources */ = {isa = PBXBuildFile; fileRef = C1F2C7D1212C423C009B3550 /* Assets.xcassets */; };
		C1F2C7D5212C423C009B3550 /* LaunchScreen.storyboard in Resources */ = {isa = PBXBuildFile; fileRef = C1F2C7D3212C423C009B3550 /* LaunchScreen.storyboard */; };
		C1F2C7E0212C423C009B3550 /* SudokuPuzzleViewModelTests.swift in Sources */ = {isa = PBXBuildFile; fileRef = C1F2C7DF212C423C009B3550 /* SudokuPuzzleViewModelTests.swift */; };
		C1F2C7F0212DDE83009B3550 /* SudokuCell.swift in Sources */ = {isa = PBXBuildFile; fileRef = C1F2C7EF212DDE83009B3550 /* SudokuCell.swift */; };
		C1F2C7F2212E1392009B3550 /* SudokuCellViewModel.swift in Sources */ = {isa = PBXBuildFile; fileRef = C1F2C7F1212E1392009B3550 /* SudokuCellViewModel.swift */; };
		C1F2C7F4212E1E51009B3550 /* SudokuPuzzleViewModel.swift in Sources */ = {isa = PBXBuildFile; fileRef = C1F2C7F3212E1E51009B3550 /* SudokuPuzzleViewModel.swift */; };
		C1F2C7F6212F0089009B3550 /* SudokuPuzzleModel.swift in Sources */ = {isa = PBXBuildFile; fileRef = C1F2C7F5212F0089009B3550 /* SudokuPuzzleModel.swift */; };
		C1F2C7F8212F0142009B3550 /* Grid.swift in Sources */ = {isa = PBXBuildFile; fileRef = C1F2C7F7212F0142009B3550 /* Grid.swift */; };
		C1F2C7FA212F0160009B3550 /* Cell.swift in Sources */ = {isa = PBXBuildFile; fileRef = C1F2C7F9212F0160009B3550 /* Cell.swift */; };
		C1F2C7FC21303022009B3550 /* SudokuPuzzleViewModelLoadGrid.swift in Sources */ = {isa = PBXBuildFile; fileRef = C1F2C7FB21303022009B3550 /* SudokuPuzzleViewModelLoadGrid.swift */; };
		C1F2C8002130605F009B3550 /* SudokuSolver.swift in Sources */ = {isa = PBXBuildFile; fileRef = C1F2C7FF2130605F009B3550 /* SudokuSolver.swift */; };
		C1F2C8022130612F009B3550 /* BruteForceSudokuSolver.swift in Sources */ = {isa = PBXBuildFile; fileRef = C1F2C8012130612F009B3550 /* BruteForceSudokuSolver.swift */; };
		C1F2C80421307D1C009B3550 /* UIViewController+showToast.swift in Sources */ = {isa = PBXBuildFile; fileRef = C1F2C80321307D1C009B3550 /* UIViewController+showToast.swift */; };
/* End PBXBuildFile section */

/* Begin PBXContainerItemProxy section */
		C1F2C7DC212C423C009B3550 /* PBXContainerItemProxy */ = {
			isa = PBXContainerItemProxy;
			containerPortal = C1F2C7BF212C423B009B3550 /* Project object */;
			proxyType = 1;
			remoteGlobalIDString = C1F2C7C6212C423B009B3550;
			remoteInfo = SudokuSolver;
		};
/* End PBXContainerItemProxy section */

/* Begin PBXFileReference section */
		C1F2C7C7212C423B009B3550 /* SudokuSolver.app */ = {isa = PBXFileReference; explicitFileType = wrapper.application; includeInIndex = 0; path = SudokuSolver.app; sourceTree = BUILT_PRODUCTS_DIR; };
		C1F2C7CA212C423B009B3550 /* AppDelegate.swift */ = {isa = PBXFileReference; lastKnownFileType = sourcecode.swift; path = AppDelegate.swift; sourceTree = "<group>"; };
		C1F2C7CC212C423B009B3550 /* PuzzleViewController.swift */ = {isa = PBXFileReference; lastKnownFileType = sourcecode.swift; path = PuzzleViewController.swift; sourceTree = "<group>"; };
		C1F2C7D1212C423C009B3550 /* Assets.xcassets */ = {isa = PBXFileReference; lastKnownFileType = folder.assetcatalog; path = Assets.xcassets; sourceTree = "<group>"; };
		C1F2C7D4212C423C009B3550 /* Base */ = {isa = PBXFileReference; lastKnownFileType = file.storyboard; name = Base; path = Base.lproj/LaunchScreen.storyboard; sourceTree = "<group>"; };
		C1F2C7D6212C423C009B3550 /* Info.plist */ = {isa = PBXFileReference; lastKnownFileType = text.plist.xml; path = Info.plist; sourceTree = "<group>"; };
		C1F2C7DB212C423C009B3550 /* SudokuSolverTests.xctest */ = {isa = PBXFileReference; explicitFileType = wrapper.cfbundle; includeInIndex = 0; path = SudokuSolverTests.xctest; sourceTree = BUILT_PRODUCTS_DIR; };
		C1F2C7DF212C423C009B3550 /* SudokuPuzzleViewModelTests.swift */ = {isa = PBXFileReference; lastKnownFileType = sourcecode.swift; path = SudokuPuzzleViewModelTests.swift; sourceTree = "<group>"; };
		C1F2C7E1212C423C009B3550 /* Info.plist */ = {isa = PBXFileReference; lastKnownFileType = text.plist.xml; path = Info.plist; sourceTree = "<group>"; };
		C1F2C7EF212DDE83009B3550 /* SudokuCell.swift */ = {isa = PBXFileReference; lastKnownFileType = sourcecode.swift; path = SudokuCell.swift; sourceTree = "<group>"; };
		C1F2C7F1212E1392009B3550 /* SudokuCellViewModel.swift */ = {isa = PBXFileReference; lastKnownFileType = sourcecode.swift; path = SudokuCellViewModel.swift; sourceTree = "<group>"; };
		C1F2C7F3212E1E51009B3550 /* SudokuPuzzleViewModel.swift */ = {isa = PBXFileReference; lastKnownFileType = sourcecode.swift; path = SudokuPuzzleViewModel.swift; sourceTree = "<group>"; };
		C1F2C7F5212F0089009B3550 /* SudokuPuzzleModel.swift */ = {isa = PBXFileReference; lastKnownFileType = sourcecode.swift; path = SudokuPuzzleModel.swift; sourceTree = "<group>"; };
		C1F2C7F7212F0142009B3550 /* Grid.swift */ = {isa = PBXFileReference; lastKnownFileType = sourcecode.swift; path = Grid.swift; sourceTree = "<group>"; };
		C1F2C7F9212F0160009B3550 /* Cell.swift */ = {isa = PBXFileReference; lastKnownFileType = sourcecode.swift; path = Cell.swift; sourceTree = "<group>"; };
		C1F2C7FB21303022009B3550 /* SudokuPuzzleViewModelLoadGrid.swift */ = {isa = PBXFileReference; lastKnownFileType = sourcecode.swift; path = SudokuPuzzleViewModelLoadGrid.swift; sourceTree = "<group>"; };
		C1F2C7FF2130605F009B3550 /* SudokuSolver.swift */ = {isa = PBXFileReference; lastKnownFileType = sourcecode.swift; path = SudokuSolver.swift; sourceTree = "<group>"; };
		C1F2C8012130612F009B3550 /* BruteForceSudokuSolver.swift */ = {isa = PBXFileReference; lastKnownFileType = sourcecode.swift; path = BruteForceSudokuSolver.swift; sourceTree = "<group>"; };
		C1F2C80321307D1C009B3550 /* UIViewController+showToast.swift */ = {isa = PBXFileReference; lastKnownFileType = sourcecode.swift; path = "UIViewController+showToast.swift"; sourceTree = "<group>"; };
/* End PBXFileReference section */

/* Begin PBXFrameworksBuildPhase section */
		C1F2C7C4212C423B009B3550 /* Frameworks */ = {
			isa = PBXFrameworksBuildPhase;
			buildActionMask = 2147483647;
			files = (
			);
			runOnlyForDeploymentPostprocessing = 0;
		};
		C1F2C7D8212C423C009B3550 /* Frameworks */ = {
			isa = PBXFrameworksBuildPhase;
			buildActionMask = 2147483647;
			files = (
			);
			runOnlyForDeploymentPostprocessing = 0;
		};
/* End PBXFrameworksBuildPhase section */

/* Begin PBXGroup section */
		C1F2C7BE212C423B009B3550 = {
			isa = PBXGroup;
			children = (
				C1F2C7C9212C423B009B3550 /* SudokuSolver */,
				C1F2C7DE212C423C009B3550 /* SudokuSolverTests */,
				C1F2C7C8212C423B009B3550 /* Products */,
			);
			sourceTree = "<group>";
		};
		C1F2C7C8212C423B009B3550 /* Products */ = {
			isa = PBXGroup;
			children = (
				C1F2C7C7212C423B009B3550 /* SudokuSolver.app */,
				C1F2C7DB212C423C009B3550 /* SudokuSolverTests.xctest */,
			);
			name = Products;
			sourceTree = "<group>";
		};
		C1F2C7C9212C423B009B3550 /* SudokuSolver */ = {
			isa = PBXGroup;
			children = (
				C1F2C7CA212C423B009B3550 /* AppDelegate.swift */,
				C1F2C80321307D1C009B3550 /* UIViewController+showToast.swift */,
				C1F2C7EB212DDDDC009B3550 /* SolvePuzzle */,
				C1F2C7D1212C423C009B3550 /* Assets.xcassets */,
				C1F2C7D3212C423C009B3550 /* LaunchScreen.storyboard */,
				C1F2C7D6212C423C009B3550 /* Info.plist */,
			);
			path = SudokuSolver;
			sourceTree = "<group>";
		};
		C1F2C7DE212C423C009B3550 /* SudokuSolverTests */ = {
			isa = PBXGroup;
			children = (
				C1F2C7DF212C423C009B3550 /* SudokuPuzzleViewModelTests.swift */,
				C1F2C7E1212C423C009B3550 /* Info.plist */,
			);
			path = SudokuSolverTests;
			sourceTree = "<group>";
		};
		C1F2C7EB212DDDDC009B3550 /* SolvePuzzle */ = {
			isa = PBXGroup;
			children = (
				C1F2C7CC212C423B009B3550 /* PuzzleViewController.swift */,
				C1F2C7EE212DDE3D009B3550 /* Models */,
				C1F2C7ED212DDE23009B3550 /* ViewModels */,
				C1F2C7EC212DDE0C009B3550 /* Views */,
			);
			path = SolvePuzzle;
			sourceTree = "<group>";
		};
		C1F2C7EC212DDE0C009B3550 /* Views */ = {
			isa = PBXGroup;
			children = (
				C1F2C7EF212DDE83009B3550 /* SudokuCell.swift */,
			);
			path = Views;
			sourceTree = "<group>";
		};
		C1F2C7ED212DDE23009B3550 /* ViewModels */ = {
			isa = PBXGroup;
			children = (
				C1F2C7F1212E1392009B3550 /* SudokuCellViewModel.swift */,
				C1F2C7F3212E1E51009B3550 /* SudokuPuzzleViewModel.swift */,
				C1F2C7FB21303022009B3550 /* SudokuPuzzleViewModelLoadGrid.swift */,
			);
			path = ViewModels;
			sourceTree = "<group>";
		};
		C1F2C7EE212DDE3D009B3550 /* Models */ = {
			isa = PBXGroup;
			children = (
				C1F2C7F5212F0089009B3550 /* SudokuPuzzleModel.swift */,
				C1F2C7FF2130605F009B3550 /* SudokuSolver.swift */,
				C1F2C8012130612F009B3550 /* BruteForceSudokuSolver.swift */,
				C1F2C7F7212F0142009B3550 /* Grid.swift */,
				C1F2C7F9212F0160009B3550 /* Cell.swift */,
			);
			path = Models;
			sourceTree = "<group>";
		};
/* End PBXGroup section */

/* Begin PBXNativeTarget section */
		C1F2C7C6212C423B009B3550 /* SudokuSolver */ = {
			isa = PBXNativeTarget;
			buildConfigurationList = C1F2C7E4212C423C009B3550 /* Build configuration list for PBXNativeTarget "SudokuSolver" */;
			buildPhases = (
				C1F2C7C3212C423B009B3550 /* Sources */,
				C1F2C7C4212C423B009B3550 /* Frameworks */,
				C1F2C7C5212C423B009B3550 /* Resources */,
			);
			buildRules = (
			);
			dependencies = (
			);
			name = SudokuSolver;
			productName = SudokuSolver;
			productReference = C1F2C7C7212C423B009B3550 /* SudokuSolver.app */;
			productType = "com.apple.product-type.application";
		};
		C1F2C7DA212C423C009B3550 /* SudokuSolverTests */ = {
			isa = PBXNativeTarget;
			buildConfigurationList = C1F2C7E7212C423C009B3550 /* Build configuration list for PBXNativeTarget "SudokuSolverTests" */;
			buildPhases = (
				C1F2C7D7212C423C009B3550 /* Sources */,
				C1F2C7D8212C423C009B3550 /* Frameworks */,
				C1F2C7D9212C423C009B3550 /* Resources */,
			);
			buildRules = (
			);
			dependencies = (
				C1F2C7DD212C423C009B3550 /* PBXTargetDependency */,
			);
			name = SudokuSolverTests;
			productName = SudokuSolverTests;
			productReference = C1F2C7DB212C423C009B3550 /* SudokuSolverTests.xctest */;
			productType = "com.apple.product-type.bundle.unit-test";
		};
/* End PBXNativeTarget section */

/* Begin PBXProject section */
		C1F2C7BF212C423B009B3550 /* Project object */ = {
			isa = PBXProject;
			attributes = {
				LastSwiftUpdateCheck = 0940;
				LastUpgradeCheck = 0940;
				ORGANIZATIONNAME = "Shawn Collins";
				TargetAttributes = {
					C1F2C7C6212C423B009B3550 = {
						CreatedOnToolsVersion = 9.4.1;
					};
					C1F2C7DA212C423C009B3550 = {
						CreatedOnToolsVersion = 9.4.1;
						TestTargetID = C1F2C7C6212C423B009B3550;
					};
				};
			};
			buildConfigurationList = C1F2C7C2212C423B009B3550 /* Build configuration list for PBXProject "SudokuSolver" */;
			compatibilityVersion = "Xcode 9.3";
			developmentRegion = en;
			hasScannedForEncodings = 0;
			knownRegions = (
				en,
				Base,
			);
			mainGroup = C1F2C7BE212C423B009B3550;
			productRefGroup = C1F2C7C8212C423B009B3550 /* Products */;
			projectDirPath = "";
			projectRoot = "";
			targets = (
				C1F2C7C6212C423B009B3550 /* SudokuSolver */,
				C1F2C7DA212C423C009B3550 /* SudokuSolverTests */,
			);
		};
/* End PBXProject section */

/* Begin PBXResourcesBuildPhase section */
		C1F2C7C5212C423B009B3550 /* Resources */ = {
			isa = PBXResourcesBuildPhase;
			buildActionMask = 2147483647;
			files = (
				C1F2C7D5212C423C009B3550 /* LaunchScreen.storyboard in Resources */,
				C1F2C7D2212C423C009B3550 /* Assets.xcassets in Resources */,
			);
			runOnlyForDeploymentPostprocessing = 0;
		};
		C1F2C7D9212C423C009B3550 /* Resources */ = {
			isa = PBXResourcesBuildPhase;
			buildActionMask = 2147483647;
			files = (
			);
			runOnlyForDeploymentPostprocessing = 0;
		};
/* End PBXResourcesBuildPhase section */

/* Begin PBXSourcesBuildPhase section */
		C1F2C7C3212C423B009B3550 /* Sources */ = {
			isa = PBXSourcesBuildPhase;
			buildActionMask = 2147483647;
			files = (
				C1F2C7CD212C423B009B3550 /* PuzzleViewController.swift in Sources */,
				C1F2C7F4212E1E51009B3550 /* SudokuPuzzleViewModel.swift in Sources */,
				C1F2C80421307D1C009B3550 /* UIViewController+showToast.swift in Sources */,
				C1F2C7F0212DDE83009B3550 /* SudokuCell.swift in Sources */,
				C1F2C7CB212C423B009B3550 /* AppDelegate.swift in Sources */,
				C1F2C7FC21303022009B3550 /* SudokuPuzzleViewModelLoadGrid.swift in Sources */,
				C1F2C8002130605F009B3550 /* SudokuSolver.swift in Sources */,
				C1F2C7F6212F0089009B3550 /* SudokuPuzzleModel.swift in Sources */,
				C1F2C7FA212F0160009B3550 /* Cell.swift in Sources */,
				C1F2C8022130612F009B3550 /* BruteForceSudokuSolver.swift in Sources */,
				C1F2C7F8212F0142009B3550 /* Grid.swift in Sources */,
				C1F2C7F2212E1392009B3550 /* SudokuCellViewModel.swift in Sources */,
			);
			runOnlyForDeploymentPostprocessing = 0;
		};
		C1F2C7D7212C423C009B3550 /* Sources */ = {
			isa = PBXSourcesBuildPhase;
			buildActionMask = 2147483647;
			files = (
				C1F2C7E0212C423C009B3550 /* SudokuPuzzleViewModelTests.swift in Sources */,
			);
			runOnlyForDeploymentPostprocessing = 0;
		};
/* End PBXSourcesBuildPhase section */

/* Begin PBXTargetDependency section */
		C1F2C7DD212C423C009B3550 /* PBXTargetDependency */ = {
			isa = PBXTargetDependency;
			target = C1F2C7C6212C423B009B3550 /* SudokuSolver */;
			targetProxy = C1F2C7DC212C423C009B3550 /* PBXContainerItemProxy */;
		};
/* End PBXTargetDependency section */

/* Begin PBXVariantGroup section */
		C1F2C7D3212C423C009B3550 /* LaunchScreen.storyboard */ = {
			isa = PBXVariantGroup;
			children = (
				C1F2C7D4212C423C009B3550 /* Base */,
			);
			name = LaunchScreen.storyboard;
			sourceTree = "<group>";
		};
/* End PBXVariantGroup section */

/* Begin XCBuildConfiguration section */
		C1F2C7E2212C423C009B3550 /* Debug */ = {
			isa = XCBuildConfiguration;
			buildSettings = {
				ALWAYS_SEARCH_USER_PATHS = NO;
				CLANG_ANALYZER_NONNULL = YES;
				CLANG_ANALYZER_NUMBER_OBJECT_CONVERSION = YES_AGGRESSIVE;
				CLANG_CXX_LANGUAGE_STANDARD = "gnu++14";
				CLANG_CXX_LIBRARY = "libc++";
				CLANG_ENABLE_MODULES = YES;
				CLANG_ENABLE_OBJC_ARC = YES;
				CLANG_ENABLE_OBJC_WEAK = YES;
				CLANG_WARN_BLOCK_CAPTURE_AUTORELEASING = YES;
				CLANG_WARN_BOOL_CONVERSION = YES;
				CLANG_WARN_COMMA = YES;
				CLANG_WARN_CONSTANT_CONVERSION = YES;
				CLANG_WARN_DEPRECATED_OBJC_IMPLEMENTATIONS = YES;
				CLANG_WARN_DIRECT_OBJC_ISA_USAGE = YES_ERROR;
				CLANG_WARN_DOCUMENTATION_COMMENTS = YES;
				CLANG_WARN_EMPTY_BODY = YES;
				CLANG_WARN_ENUM_CONVERSION = YES;
				CLANG_WARN_INFINITE_RECURSION = YES;
				CLANG_WARN_INT_CONVERSION = YES;
				CLANG_WARN_NON_LITERAL_NULL_CONVERSION = YES;
				CLANG_WARN_OBJC_IMPLICIT_RETAIN_SELF = YES;
				CLANG_WARN_OBJC_LITERAL_CONVERSION = YES;
				CLANG_WARN_OBJC_ROOT_CLASS = YES_ERROR;
				CLANG_WARN_RANGE_LOOP_ANALYSIS = YES;
				CLANG_WARN_STRICT_PROTOTYPES = YES;
				CLANG_WARN_SUSPICIOUS_MOVE = YES;
				CLANG_WARN_UNGUARDED_AVAILABILITY = YES_AGGRESSIVE;
				CLANG_WARN_UNREACHABLE_CODE = YES;
				CLANG_WARN__DUPLICATE_METHOD_MATCH = YES;
				CODE_SIGN_IDENTITY = "iPhone Developer";
				COPY_PHASE_STRIP = NO;
				DEBUG_INFORMATION_FORMAT = dwarf;
				ENABLE_STRICT_OBJC_MSGSEND = YES;
				ENABLE_TESTABILITY = YES;
				GCC_C_LANGUAGE_STANDARD = gnu11;
				GCC_DYNAMIC_NO_PIC = NO;
				GCC_NO_COMMON_BLOCKS = YES;
				GCC_OPTIMIZATION_LEVEL = 0;
				GCC_PREPROCESSOR_DEFINITIONS = (
					"DEBUG=1",
					"$(inherited)",
				);
				GCC_WARN_64_TO_32_BIT_CONVERSION = YES;
				GCC_WARN_ABOUT_RETURN_TYPE = YES_ERROR;
				GCC_WARN_UNDECLARED_SELECTOR = YES;
				GCC_WARN_UNINITIALIZED_AUTOS = YES_AGGRESSIVE;
				GCC_WARN_UNUSED_FUNCTION = YES;
				GCC_WARN_UNUSED_VARIABLE = YES;
				IPHONEOS_DEPLOYMENT_TARGET = 11.4;
				MTL_ENABLE_DEBUG_INFO = YES;
				ONLY_ACTIVE_ARCH = YES;
				SDKROOT = iphoneos;
				SWIFT_ACTIVE_COMPILATION_CONDITIONS = DEBUG;
				SWIFT_OPTIMIZATION_LEVEL = "-Onone";
			};
			name = Debug;
		};
		C1F2C7E3212C423C009B3550 /* Release */ = {
			isa = XCBuildConfiguration;
			buildSettings = {
				ALWAYS_SEARCH_USER_PATHS = NO;
				CLANG_ANALYZER_NONNULL = YES;
				CLANG_ANALYZER_NUMBER_OBJECT_CONVERSION = YES_AGGRESSIVE;
				CLANG_CXX_LANGUAGE_STANDARD = "gnu++14";
				CLANG_CXX_LIBRARY = "libc++";
				CLANG_ENABLE_MODULES = YES;
				CLANG_ENABLE_OBJC_ARC = YES;
				CLANG_ENABLE_OBJC_WEAK = YES;
				CLANG_WARN_BLOCK_CAPTURE_AUTORELEASING = YES;
				CLANG_WARN_BOOL_CONVERSION = YES;
				CLANG_WARN_COMMA = YES;
				CLANG_WARN_CONSTANT_CONVERSION = YES;
				CLANG_WARN_DEPRECATED_OBJC_IMPLEMENTATIONS = YES;
				CLANG_WARN_DIRECT_OBJC_ISA_USAGE = YES_ERROR;
				CLANG_WARN_DOCUMENTATION_COMMENTS = YES;
				CLANG_WARN_EMPTY_BODY = YES;
				CLANG_WARN_ENUM_CONVERSION = YES;
				CLANG_WARN_INFINITE_RECURSION = YES;
				CLANG_WARN_INT_CONVERSION = YES;
				CLANG_WARN_NON_LITERAL_NULL_CONVERSION = YES;
				CLANG_WARN_OBJC_IMPLICIT_RETAIN_SELF = YES;
				CLANG_WARN_OBJC_LITERAL_CONVERSION = YES;
				CLANG_WARN_OBJC_ROOT_CLASS = YES_ERROR;
				CLANG_WARN_RANGE_LOOP_ANALYSIS = YES;
				CLANG_WARN_STRICT_PROTOTYPES = YES;
				CLANG_WARN_SUSPICIOUS_MOVE = YES;
				CLANG_WARN_UNGUARDED_AVAILABILITY = YES_AGGRESSIVE;
				CLANG_WARN_UNREACHABLE_CODE = YES;
				CLANG_WARN__DUPLICATE_METHOD_MATCH = YES;
				CODE_SIGN_IDENTITY = "iPhone Developer";
				COPY_PHASE_STRIP = NO;
				DEBUG_INFORMATION_FORMAT = "dwarf-with-dsym";
				ENABLE_NS_ASSERTIONS = NO;
				ENABLE_STRICT_OBJC_MSGSEND = YES;
				GCC_C_LANGUAGE_STANDARD = gnu11;
				GCC_NO_COMMON_BLOCKS = YES;
				GCC_WARN_64_TO_32_BIT_CONVERSION = YES;
				GCC_WARN_ABOUT_RETURN_TYPE = YES_ERROR;
				GCC_WARN_UNDECLARED_SELECTOR = YES;
				GCC_WARN_UNINITIALIZED_AUTOS = YES_AGGRESSIVE;
				GCC_WARN_UNUSED_FUNCTION = YES;
				GCC_WARN_UNUSED_VARIABLE = YES;
				IPHONEOS_DEPLOYMENT_TARGET = 11.4;
				MTL_ENABLE_DEBUG_INFO = NO;
				SDKROOT = iphoneos;
				SWIFT_COMPILATION_MODE = wholemodule;
				SWIFT_OPTIMIZATION_LEVEL = "-O";
				VALIDATE_PRODUCT = YES;
			};
			name = Release;
		};
		C1F2C7E5212C423C009B3550 /* Debug */ = {
			isa = XCBuildConfiguration;
			buildSettings = {
				ASSETCATALOG_COMPILER_APPICON_NAME = AppIcon;
				CODE_SIGN_STYLE = Automatic;
				INFOPLIST_FILE = SudokuSolver/Info.plist;
				LD_RUNPATH_SEARCH_PATHS = (
					"$(inherited)",
					"@executable_path/Frameworks",
				);
				PRODUCT_BUNDLE_IDENTIFIER = com.grime.SudokuSolver;
				PRODUCT_NAME = "$(TARGET_NAME)";
				SWIFT_VERSION = 4.0;
				TARGETED_DEVICE_FAMILY = "1,2";
			};
			name = Debug;
		};
		C1F2C7E6212C423C009B3550 /* Release */ = {
			isa = XCBuildConfiguration;
			buildSettings = {
				ASSETCATALOG_COMPILER_APPICON_NAME = AppIcon;
				CODE_SIGN_STYLE = Automatic;
				INFOPLIST_FILE = SudokuSolver/Info.plist;
				LD_RUNPATH_SEARCH_PATHS = (
					"$(inherited)",
					"@executable_path/Frameworks",
				);
				PRODUCT_BUNDLE_IDENTIFIER = com.grime.SudokuSolver;
				PRODUCT_NAME = "$(TARGET_NAME)";
				SWIFT_VERSION = 4.0;
				TARGETED_DEVICE_FAMILY = "1,2";
			};
			name = Release;
		};
		C1F2C7E8212C423C009B3550 /* Debug */ = {
			isa = XCBuildConfiguration;
			buildSettings = {
				ALWAYS_EMBED_SWIFT_STANDARD_LIBRARIES = YES;
				BUNDLE_LOADER = "$(TEST_HOST)";
				CODE_SIGN_STYLE = Automatic;
				INFOPLIST_FILE = SudokuSolverTests/Info.plist;
				LD_RUNPATH_SEARCH_PATHS = (
					"$(inherited)",
					"@executable_path/Frameworks",
					"@loader_path/Frameworks",
				);
				PRODUCT_BUNDLE_IDENTIFIER = com.grime.SudokuSolverTests;
				PRODUCT_NAME = "$(TARGET_NAME)";
				SWIFT_VERSION = 4.0;
				TARGETED_DEVICE_FAMILY = "1,2";
				TEST_HOST = "$(BUILT_PRODUCTS_DIR)/SudokuSolver.app/SudokuSolver";
			};
			name = Debug;
		};
		C1F2C7E9212C423C009B3550 /* Release */ = {
			isa = XCBuildConfiguration;
			buildSettings = {
				ALWAYS_EMBED_SWIFT_STANDARD_LIBRARIES = YES;
				BUNDLE_LOADER = "$(TEST_HOST)";
				CODE_SIGN_STYLE = Automatic;
				INFOPLIST_FILE = SudokuSolverTests/Info.plist;
				LD_RUNPATH_SEARCH_PATHS = (
					"$(inherited)",
					"@executable_path/Frameworks",
					"@loader_path/Frameworks",
				);
				PRODUCT_BUNDLE_IDENTIFIER = com.grime.SudokuSolverTests;
				PRODUCT_NAME = "$(TARGET_NAME)";
				SWIFT_VERSION = 4.0;
				TARGETED_DEVICE_FAMILY = "1,2";
				TEST_HOST = "$(BUILT_PRODUCTS_DIR)/SudokuSolver.app/SudokuSolver";
			};
			name = Release;
		};
/* End XCBuildConfiguration section */

/* Begin XCConfigurationList section */
		C1F2C7C2212C423B009B3550 /* Build configuration list for PBXProject "SudokuSolver" */ = {
			isa = XCConfigurationList;
			buildConfigurations = (
				C1F2C7E2212C423C009B3550 /* Debug */,
				C1F2C7E3212C423C009B3550 /* Release */,
			);
			defaultConfigurationIsVisible = 0;
			defaultConfigurationName = Release;
		};
		C1F2C7E4212C423C009B3550 /* Build configuration list for PBXNativeTarget "SudokuSolver" */ = {
			isa = XCConfigurationList;
			buildConfigurations = (
				C1F2C7E5212C423C009B3550 /* Debug */,
				C1F2C7E6212C423C009B3550 /* Release */,
			);
			defaultConfigurationIsVisible = 0;
			defaultConfigurationName = Release;
		};
		C1F2C7E7212C423C009B3550 /* Build configuration list for PBXNativeTarget "SudokuSolverTests" */ = {
			isa = XCConfigurationList;
			buildConfigurations = (
				C1F2C7E8212C423C009B3550 /* Debug */,
				C1F2C7E9212C423C009B3550 /* Release */,
			);
			defaultConfigurationIsVisible = 0;
			defaultConfigurationName = Release;
		};
/* End XCConfigurationList section */
	};
	rootObject = C1F2C7BF212C423B009B3550 /* Project object */;
}
